{
    "_readme": [
        "This file locks the dependencies of your project to a known state",
        "Read more about it at http://getcomposer.org/doc/01-basic-usage.md#composer-lock-the-lock-file",
        "This file is @generated automatically"
    ],
    "hash": "c70b8c8c71a2a88ffe31d28bac633c58",
    "packages": [
        {
            "name": "beberlei/assert",
            "version": "v2.3",
            "source": {
                "type": "git",
                "url": "https://github.com/beberlei/assert.git",
                "reference": "160eba4d1fbe692e42b3cf8a20b92ab23e3a8759"
            },
            "dist": {
                "type": "zip",
                "url": "https://api.github.com/repos/beberlei/assert/zipball/160eba4d1fbe692e42b3cf8a20b92ab23e3a8759",
                "reference": "160eba4d1fbe692e42b3cf8a20b92ab23e3a8759",
                "shasum": ""
            },
            "require": {
                "ext-mbstring": "*"
            },
            "type": "library",
            "extra": {
                "branch-alias": {
                    "dev-master": "2.3-dev"
                }
            },
            "autoload": {
                "psr-0": {
                    "Assert": "lib/"
                },
                "files": [
                    "lib/Assert/functions.php"
                ]
            },
            "notification-url": "https://packagist.org/downloads/",
            "license": [
                "BSD-2-Clause"
            ],
            "authors": [
                {
                    "name": "Benjamin Eberlei",
                    "email": "kontakt@beberlei.de"
                }
            ],
            "description": "Thin assertion library for input validation in business models.",
            "keywords": [
                "assert",
                "assertion",
                "validation"
            ],
            "time": "2014-12-18 19:12:40"
        },
        {
            "name": "simple-bus/command-bus",
            "version": "dev-master",
            "source": {
                "type": "git",
                "url": "https://github.com/SimpleBus/CommandBus.git",
                "reference": "c94f813a1bf1d39940dbcc509fe7dd13566d736e"
            },
            "dist": {
                "type": "zip",
                "url": "https://api.github.com/repos/SimpleBus/CommandBus/zipball/c94f813a1bf1d39940dbcc509fe7dd13566d736e",
                "reference": "c94f813a1bf1d39940dbcc509fe7dd13566d736e",
                "shasum": ""
            },
            "require": {
                "beberlei/assert": "~2.0",
                "php": ">=5.4",
                "simple-bus/message-bus": "dev-master"
            },
            "require-dev": {
                "phpunit/phpunit": "~4.0"
            },
            "suggest": {
                "simple-bus/command-event-bridge": "Bridge for using both command buses and event buses",
                "simple-bus/doctrine-orm-bridge": "Bridge for using command buses and event buses with Doctrine ORM",
                "simple-bus/event-bus": "Simple event bus implementation",
                "simple-bus/symfony-bridge": "Bridge for using command buses and event buses with Symfony"
            },
            "type": "library",
            "autoload": {
                "psr-4": {
                    "SimpleBus\\Command\\": "src"
                }
            },
            "notification-url": "https://packagist.org/downloads/",
            "license": [
                "MIT"
            ],
            "authors": [
                {
                    "name": "Matthias Noback",
                    "email": "matthiasnoback@gmail.com",
                    "homepage": "http://php-and-symfony.matthiasnoback.nl"
                }
            ],
            "description": " Stand-alone command bus library for PHP ",
            "homepage": "http://github.com/SimpleBus/CommandBus",
            "keywords": [
                "command",
                "command bus"
            ],
            "time": "2015-01-12 13:31:36"
        },
        {
            "name": "simple-bus/event-bus",
            "version": "dev-master",
            "source": {
                "type": "git",
                "url": "https://github.com/SimpleBus/EventBus.git",
                "reference": "40948503a2078d8e7ea2bd10cc7261ac2e8ca079"
            },
            "dist": {
                "type": "zip",
                "url": "https://api.github.com/repos/SimpleBus/EventBus/zipball/40948503a2078d8e7ea2bd10cc7261ac2e8ca079",
                "reference": "40948503a2078d8e7ea2bd10cc7261ac2e8ca079",
                "shasum": ""
            },
            "require": {
                "beberlei/assert": "~2.0",
                "php": ">=5.4",
                "simple-bus/message-bus": "dev-master"
            },
            "require-dev": {
                "phpunit/phpunit": "~4.0"
            },
            "suggest": {
                "simple-bus/command-bus": "Simple command bus implementation",
                "simple-bus/command-event-bridge": "Bridge for using both command buses and event buses",
                "simple-bus/doctrine-orm-bridge": "Bridge for using command buses and event buses with Doctrine ORM",
                "simple-bus/symfony-bridge": "Bridge for using command buses and event buses with Symfony"
            },
            "type": "library",
            "autoload": {
                "psr-4": {
                    "SimpleBus\\Event\\": "src"
                }
            },
            "notification-url": "https://packagist.org/downloads/",
            "license": [
                "MIT"
            ],
            "authors": [
                {
                    "name": "Matthias Noback",
                    "email": "matthiasnoback@gmail.com",
                    "homepage": "http://php-and-symfony.matthiasnoback.nl"
                }
            ],
            "description": "Stand-alone event bus library for PHP",
            "homepage": "http://github.com/SimpleBus/EventBus",
            "keywords": [
                "event",
                "event bus"
            ],
            "time": "2015-01-12 15:27:00"
        },
        {
            "name": "simple-bus/message-bus",
            "version": "dev-master",
            "source": {
                "type": "git",
                "url": "https://github.com/SimpleBus/MessageBus.git",
                "reference": "762b09832ca215b6fb9596e7521e36f0ef68d934"
            },
            "dist": {
                "type": "zip",
                "url": "https://api.github.com/repos/SimpleBus/MessageBus/zipball/762b09832ca215b6fb9596e7521e36f0ef68d934",
                "reference": "762b09832ca215b6fb9596e7521e36f0ef68d934",
                "shasum": ""
            },
            "require": {
                "beberlei/assert": "~2.0",
                "php": ">=5.4"
            },
            "require-dev": {
                "phpunit/phpunit": "~4.0"
            },
            "type": "library",
            "autoload": {
                "psr-4": {
                    "SimpleBus\\Message\\": "src"
                }
            },
            "notification-url": "https://packagist.org/downloads/",
            "license": [
                "MIT"
            ],
            "authors": [
                {
                    "name": "Matthias Noback",
                    "email": "matthiasnoback@gmail.com",
                    "homepage": "http://php-and-symfony.matthiasnoback.nl"
                }
            ],
            "description": "Generic classes and interfaces for messages and message buses",
            "homepage": "http://github.com/SimpleBus/MessageBus",
            "keywords": [
                "command bus",
                "event bus",
                "message",
                "message bus"
            ],
            "time": "2015-01-12 15:24:11"
        }
    ],
    "packages-dev": [],
    "aliases": [],
    "minimum-stability": "dev",
    "stability-flags": {
        "simple-bus/command-bus": 20,
        "simple-bus/event-bus": 20
    },
    "prefer-stable": true,
    "prefer-lowest": false,
    "platform": {
        "php": ">=5.4"
    },
    "platform-dev": []
}
